<?xml version="1.0" encoding="utf-8"?>
<Project ToolsVersion="4.0" xmlns="http://schemas.microsoft.com/developer/msbuild/2003">
  <ItemGroup>
    <ClInclude Include="Main.h" />
    <ClInclude Include="stdafx.h" />
    <ClInclude Include="Scene1.h">
      <Filter>Scene</Filter>
    </ClInclude>
    <ClInclude Include="PerlinNoise.h" />
    <ClInclude Include="OpenSimplexNoise.h" />
    <ClInclude Include="BackGround.h">
      <Filter>GamObject\Map</Filter>
    </ClInclude>
    <ClInclude Include="Map.h">
      <Filter>GamObject\Map</Filter>
    </ClInclude>
    <ClInclude Include="MapLight.h">
      <Filter>GamObject\Map</Filter>
    </ClInclude>
    <ClInclude Include="MapWall.h">
      <Filter>GamObject\Map</Filter>
    </ClInclude>
    <ClInclude Include="Tilebuild.h">
      <Filter>GamObject\Map</Filter>
    </ClInclude>
    <ClInclude Include="Character.h">
      <Filter>GamObject\Character</Filter>
    </ClInclude>
    <ClInclude Include="Player.h">
      <Filter>GamObject\Character</Filter>
    </ClInclude>
  </ItemGroup>
  <ItemGroup>
    <ClCompile Include="Main.cpp" />
    <ClCompile Include="Scene1.cpp">
      <Filter>Scene</Filter>
    </ClCompile>
    <ClCompile Include="PerlinNoise.cpp" />
    <ClCompile Include="OpenSimplexNoise.cpp" />
    <ClCompile Include="BackGround.cpp">
      <Filter>GamObject\Map</Filter>
    </ClCompile>
    <ClCompile Include="Map.cpp">
      <Filter>GamObject\Map</Filter>
    </ClCompile>
    <ClCompile Include="MapLight.cpp">
      <Filter>GamObject\Map</Filter>
    </ClCompile>
    <ClCompile Include="MapWall.cpp">
      <Filter>GamObject\Map</Filter>
    </ClCompile>
    <ClCompile Include="Tilebuild.cpp">
      <Filter>GamObject\Map</Filter>
    </ClCompile>
    <ClCompile Include="Character.cpp">
      <Filter>GamObject\Character</Filter>
    </ClCompile>
    <ClCompile Include="Player.cpp">
      <Filter>GamObject\Character</Filter>
    </ClCompile>
  </ItemGroup>
  <ItemGroup>
    <Filter Include="Scene">
      <UniqueIdentifier>{7eeb8519-d2ec-4e95-9879-46f252c8e958}</UniqueIdentifier>
    </Filter>
    <Filter Include="GamObject">
      <UniqueIdentifier>{d419b750-f03e-46e2-8473-8ab91888a4ca}</UniqueIdentifier>
    </Filter>
    <Filter Include="GamObject\Map">
      <UniqueIdentifier>{7f114590-4de4-4bc7-8086-c4f938354f1e}</UniqueIdentifier>
    </Filter>
    <Filter Include="GamObject\Character">
      <UniqueIdentifier>{cd08f33b-bfd6-4caf-b492-7a988fa7d49d}</UniqueIdentifier>
    </Filter>
  </ItemGroup>
</Project>